{
  "name": "padatthreeoforths",
  "version": "1.0.0",
  "lockfileVersion": 1,
  "requires": true,
  "dependencies": {
    "is-character": {
      "version": "1.0.0",
      "resolved": "https://registry.npmjs.org/is-character/-/is-character-1.0.0.tgz",
      "integrity": "sha512-nijkL3zYh50zYOKYOqzqDevXZhUlhpuVr5z8P9pwx3mAMg5LcAmf4XPvoWDewTOSjUC51vzCDCeVcPGBhicl0w==",
      "requires": {
        "is-string": "^1.0.5"
      }
    },
    "is-number": {
      "version": "7.0.0",
      "resolved": "https://registry.npmjs.org/is-number/-/is-number-7.0.0.tgz",
      "integrity": "sha512-41Cifkg6e8TylSpdtTpeLVMqvSBEVzTttHvERD741+pnZ8ANv0004MRL43QKPDlK9cGvNp6NZWZUBlbGXYxxng=="
    },
    "is-string": {
      "version": "1.0.5",
      "resolved": "https://registry.npmjs.org/is-string/-/is-string-1.0.5.tgz",
      "integrity": "sha512-buY6VNRjhQMiF1qWDouloZlQbRhDPCebwxSjxMjxgemYT46YMd2NR0/H+fBhEfWX4A/w9TBJ+ol+okqJKFE6vQ=="
    }
  }
}
